
Microsoft Visual Studio Solution File, Format Version 12.00
# Visual Studio 14
VisualStudioVersion = 14.0.24720.0
MinimumVisualStudioVersion = 10.0.40219.1
Project("{FAE04EC0-301F-11D3-BF4B-00C04F79EFBC}") = "MarketPartner", "Web\MarketPartner.csproj", "{516FB203-FB21-426F-9316-2A487F6469FD}"
EndProject
Project("{FAE04EC0-301F-11D3-BF4B-00C04F79EFBC}") = "Contracts", "Contracts\Contracts.csproj", "{3FF008A5-70FB-4783-B09D-B219B6E6D162}"
EndProject
Global
	GlobalSection(SolutionConfigurationPlatforms) = preSolution
		Debug|Any CPU = Debug|Any CPU
		Release|Any CPU = Release|Any CPU
	EndGlobalSection
	GlobalSection(ProjectConfigurationPlatforms) = postSolution
		{516FB203-FB21-426F-9316-2A487F6469FD}.Debug|Any CPU.ActiveCfg = Debug|Any CPU
		{516FB203-FB21-426F-9316-2A487F6469FD}.Debug|Any CPU.Build.0 = Debug|Any CPU
		{516FB203-FB21-426F-9316-2A487F6469FD}.Release|Any CPU.ActiveCfg = Release|Any CPU
		{516FB203-FB21-426F-9316-2A487F6469FD}.Release|Any CPU.Build.0 = Release|Any CPU
		{3FF008A5-70FB-4783-B09D-B219B6E6D162}.Debug|Any CPU.ActiveCfg = Debug|Any CPU
		{3FF008A5-70FB-4783-B09D-B219B6E6D162}.Debug|Any CPU.Build.0 = Debug|Any CPU
		{3FF008A5-70FB-4783-B09D-B219B6E6D162}.Release|Any CPU.ActiveCfg = Release|Any CPU
		{3FF008A5-70FB-4783-B09D-B219B6E6D162}.Release|Any CPU.Build.0 = Release|Any CPU
	EndGlobalSection
	GlobalSection(SolutionProperties) = preSolution
		HideSolutionNode = FALSE
	EndGlobalSection
EndGlobal
