
Microsoft Visual Studio Solution File, Format Version 12.00
# Visual Studio 14
VisualStudioVersion = 14.0.24720.0
MinimumVisualStudioVersion = 10.0.40219.1
Project("{2150E333-8FDC-42A3-9474-1A3956D46DE8}") = "Solution Items", "Solution Items", "{0C8FADF6-B5AA-4D4C-9D9D-717D2469CF3D}"
EndProject
Project("{8BB2217D-0F2D-49D1-97BC-3654ED321F3B}") = "ChangeLogging", "ChangeLogging\ChangeLogging.xproj", "{8E5EBEE5-CA29-4ECB-822B-BB07572561B7}"
EndProject
Global
	GlobalSection(SolutionConfigurationPlatforms) = preSolution
		Debug|Any CPU = Debug|Any CPU
		Release|Any CPU = Release|Any CPU
	EndGlobalSection
	GlobalSection(ProjectConfigurationPlatforms) = postSolution
		{8E5EBEE5-CA29-4ECB-822B-BB07572561B7}.Debug|Any CPU.ActiveCfg = Debug|Any CPU
		{8E5EBEE5-CA29-4ECB-822B-BB07572561B7}.Debug|Any CPU.Build.0 = Debug|Any CPU
		{8E5EBEE5-CA29-4ECB-822B-BB07572561B7}.Release|Any CPU.ActiveCfg = Release|Any CPU
		{8E5EBEE5-CA29-4ECB-822B-BB07572561B7}.Release|Any CPU.Build.0 = Release|Any CPU
	EndGlobalSection
	GlobalSection(SolutionProperties) = preSolution
		HideSolutionNode = FALSE
	EndGlobalSection
EndGlobal
