
Microsoft Visual Studio Solution File, Format Version 12.00
# Visual Studio 14
VisualStudioVersion = 14.0.24720.0
MinimumVisualStudioVersion = 10.0.40219.1
Project("{2150E333-8FDC-42A3-9474-1A3956D46DE8}") = "Solution Items", "Solution Items", "{0C8FADF6-B5AA-4D4C-9D9D-717D2469CF3D}"
	ProjectSection(SolutionItems) = preProject
		FP.Spartakiade2016.Logging.Console\global.json = FP.Spartakiade2016.Logging.Console\global.json
		Advanced\ChangeLogging\global.json = Advanced\ChangeLogging\global.json
		ProcessChain\TestConsole\global.json = ProcessChain\TestConsole\global.json
		ProcessChain\Data\global.json = ProcessChain\Data\global.json
	EndProjectSection
EndProject
Project("{2150E333-8FDC-42A3-9474-1A3956D46DE8}") = "Basics", "Basics", "{8605126A-BCE6-4D2F-AD28-A9D1F16F47BC}"
EndProject
Project("{8BB2217D-0F2D-49D1-97BC-3654ED321F3B}") = "Connecting", "Basics\Connecting\Connecting.xproj", "{C2FDCE48-3868-4CBA-8462-50BBE8B986EF}"
EndProject
Project("{8BB2217D-0F2D-49D1-97BC-3654ED321F3B}") = "PublishSubscribe", "Basics\PublishSubscribe\PublishSubscribe.xproj", "{B09156D5-F964-4B54-B32C-A76B1C9F0BC1}"
EndProject
Project("{8BB2217D-0F2D-49D1-97BC-3654ED321F3B}") = "RequestResponse", "Basics\RequestResponse\RequestResponse.xproj", "{1C9844A9-07B1-4127-9862-65CEB4365F56}"
EndProject
Project("{8BB2217D-0F2D-49D1-97BC-3654ED321F3B}") = "SendReceive", "Basics\SendReceive\SendReceive.xproj", "{E853BA4D-EA87-4467-8510-A2F9B9C131F2}"
EndProject
Project("{8BB2217D-0F2D-49D1-97BC-3654ED321F3B}") = "TopicBasedRouting", "Basics\TopicBasedRouting\TopicBasedRouting.xproj", "{4B6DE2A9-63A8-4ACD-BA60-9F0CE87D17D0}"
EndProject
Project("{2150E333-8FDC-42A3-9474-1A3956D46DE8}") = "Logging", "Logging", "{67BE6576-39C7-4110-9DD7-68F779A9E665}"
EndProject
Project("{8BB2217D-0F2D-49D1-97BC-3654ED321F3B}") = "Caller", "Logging\Caller\Caller.xproj", "{7758B5E3-406D-419B-B7E3-2B63C4503072}"
EndProject
Project("{8BB2217D-0F2D-49D1-97BC-3654ED321F3B}") = "ConsoleListener", "Logging\Console\ConsoleListener.xproj", "{02EAE2F8-CDB7-498E-8BF8-7485A6B8A12D}"
EndProject
Project("{8BB2217D-0F2D-49D1-97BC-3654ED321F3B}") = "Contacts", "Logging\Contacts\Contacts.xproj", "{CD6A36BA-3929-434E-BEEB-12B8E53518F5}"
EndProject
Project("{8BB2217D-0F2D-49D1-97BC-3654ED321F3B}") = "WebLogger", "Logging\WebLogger\WebLogger.xproj", "{F21402D5-B185-462D-9B2F-3FDFAF1D62C5}"
EndProject
Project("{2150E333-8FDC-42A3-9474-1A3956D46DE8}") = "ProcessChain", "ProcessChain", "{E0CB17BC-92D6-4E04-A482-25958E84E9EB}"
EndProject
Project("{8BB2217D-0F2D-49D1-97BC-3654ED321F3B}") = "Contracts", "ProcessChain\Contracts\Contracts.xproj", "{6FAF3D69-4CC9-4C3C-ACCC-FC6874508531}"
EndProject
Project("{8BB2217D-0F2D-49D1-97BC-3654ED321F3B}") = "Webbroker", "ProcessChain\Webbroker\Webbroker.xproj", "{80715850-6480-45C2-9354-8E7AE0DC4F8B}"
EndProject
Project("{8BB2217D-0F2D-49D1-97BC-3654ED321F3B}") = "Processes", "ProcessChain\Processes\Processes.xproj", "{2D634E2F-3879-4174-A29F-0A7B68ED14D7}"
EndProject
Project("{2150E333-8FDC-42A3-9474-1A3956D46DE8}") = "Advanced", "Advanced", "{6C68CD26-92B7-46FD-A448-C7E491A8E845}"
EndProject
Project("{8BB2217D-0F2D-49D1-97BC-3654ED321F3B}") = "ChangeLogging", "Advanced\ChangeLogging\ChangeLogging.xproj", "{8E5EBEE5-CA29-4ECB-822B-BB07572561B7}"
EndProject
Project("{8BB2217D-0F2D-49D1-97BC-3654ED321F3B}") = "TestConsole", "ProcessChain\TestConsole\TestConsole.xproj", "{61715A05-AFEA-416B-B210-8985A40C58AC}"
EndProject
Project("{8BB2217D-0F2D-49D1-97BC-3654ED321F3B}") = "Data", "ProcessChain\Data\Data.xproj", "{A3C58525-D2CB-4BC6-8A5F-7D469AE893C6}"
EndProject
Global
	GlobalSection(SolutionConfigurationPlatforms) = preSolution
		Debug|Any CPU = Debug|Any CPU
		Release|Any CPU = Release|Any CPU
	EndGlobalSection
	GlobalSection(ProjectConfigurationPlatforms) = postSolution
		{C2FDCE48-3868-4CBA-8462-50BBE8B986EF}.Debug|Any CPU.ActiveCfg = Debug|Any CPU
		{C2FDCE48-3868-4CBA-8462-50BBE8B986EF}.Debug|Any CPU.Build.0 = Debug|Any CPU
		{C2FDCE48-3868-4CBA-8462-50BBE8B986EF}.Release|Any CPU.ActiveCfg = Release|Any CPU
		{C2FDCE48-3868-4CBA-8462-50BBE8B986EF}.Release|Any CPU.Build.0 = Release|Any CPU
		{B09156D5-F964-4B54-B32C-A76B1C9F0BC1}.Debug|Any CPU.ActiveCfg = Debug|Any CPU
		{B09156D5-F964-4B54-B32C-A76B1C9F0BC1}.Debug|Any CPU.Build.0 = Debug|Any CPU
		{B09156D5-F964-4B54-B32C-A76B1C9F0BC1}.Release|Any CPU.ActiveCfg = Release|Any CPU
		{B09156D5-F964-4B54-B32C-A76B1C9F0BC1}.Release|Any CPU.Build.0 = Release|Any CPU
		{1C9844A9-07B1-4127-9862-65CEB4365F56}.Debug|Any CPU.ActiveCfg = Debug|Any CPU
		{1C9844A9-07B1-4127-9862-65CEB4365F56}.Debug|Any CPU.Build.0 = Debug|Any CPU
		{1C9844A9-07B1-4127-9862-65CEB4365F56}.Release|Any CPU.ActiveCfg = Release|Any CPU
		{1C9844A9-07B1-4127-9862-65CEB4365F56}.Release|Any CPU.Build.0 = Release|Any CPU
		{E853BA4D-EA87-4467-8510-A2F9B9C131F2}.Debug|Any CPU.ActiveCfg = Debug|Any CPU
		{E853BA4D-EA87-4467-8510-A2F9B9C131F2}.Debug|Any CPU.Build.0 = Debug|Any CPU
		{E853BA4D-EA87-4467-8510-A2F9B9C131F2}.Release|Any CPU.ActiveCfg = Release|Any CPU
		{E853BA4D-EA87-4467-8510-A2F9B9C131F2}.Release|Any CPU.Build.0 = Release|Any CPU
		{4B6DE2A9-63A8-4ACD-BA60-9F0CE87D17D0}.Debug|Any CPU.ActiveCfg = Debug|Any CPU
		{4B6DE2A9-63A8-4ACD-BA60-9F0CE87D17D0}.Debug|Any CPU.Build.0 = Debug|Any CPU
		{4B6DE2A9-63A8-4ACD-BA60-9F0CE87D17D0}.Release|Any CPU.ActiveCfg = Release|Any CPU
		{4B6DE2A9-63A8-4ACD-BA60-9F0CE87D17D0}.Release|Any CPU.Build.0 = Release|Any CPU
		{7758B5E3-406D-419B-B7E3-2B63C4503072}.Debug|Any CPU.ActiveCfg = Debug|Any CPU
		{7758B5E3-406D-419B-B7E3-2B63C4503072}.Debug|Any CPU.Build.0 = Debug|Any CPU
		{7758B5E3-406D-419B-B7E3-2B63C4503072}.Release|Any CPU.ActiveCfg = Release|Any CPU
		{7758B5E3-406D-419B-B7E3-2B63C4503072}.Release|Any CPU.Build.0 = Release|Any CPU
		{02EAE2F8-CDB7-498E-8BF8-7485A6B8A12D}.Debug|Any CPU.ActiveCfg = Debug|Any CPU
		{02EAE2F8-CDB7-498E-8BF8-7485A6B8A12D}.Debug|Any CPU.Build.0 = Debug|Any CPU
		{02EAE2F8-CDB7-498E-8BF8-7485A6B8A12D}.Release|Any CPU.ActiveCfg = Release|Any CPU
		{02EAE2F8-CDB7-498E-8BF8-7485A6B8A12D}.Release|Any CPU.Build.0 = Release|Any CPU
		{CD6A36BA-3929-434E-BEEB-12B8E53518F5}.Debug|Any CPU.ActiveCfg = Debug|Any CPU
		{CD6A36BA-3929-434E-BEEB-12B8E53518F5}.Debug|Any CPU.Build.0 = Debug|Any CPU
		{CD6A36BA-3929-434E-BEEB-12B8E53518F5}.Release|Any CPU.ActiveCfg = Release|Any CPU
		{CD6A36BA-3929-434E-BEEB-12B8E53518F5}.Release|Any CPU.Build.0 = Release|Any CPU
		{F21402D5-B185-462D-9B2F-3FDFAF1D62C5}.Debug|Any CPU.ActiveCfg = Debug|Any CPU
		{F21402D5-B185-462D-9B2F-3FDFAF1D62C5}.Debug|Any CPU.Build.0 = Debug|Any CPU
		{F21402D5-B185-462D-9B2F-3FDFAF1D62C5}.Release|Any CPU.ActiveCfg = Release|Any CPU
		{F21402D5-B185-462D-9B2F-3FDFAF1D62C5}.Release|Any CPU.Build.0 = Release|Any CPU
		{6FAF3D69-4CC9-4C3C-ACCC-FC6874508531}.Debug|Any CPU.ActiveCfg = Debug|Any CPU
		{6FAF3D69-4CC9-4C3C-ACCC-FC6874508531}.Debug|Any CPU.Build.0 = Debug|Any CPU
		{6FAF3D69-4CC9-4C3C-ACCC-FC6874508531}.Release|Any CPU.ActiveCfg = Release|Any CPU
		{6FAF3D69-4CC9-4C3C-ACCC-FC6874508531}.Release|Any CPU.Build.0 = Release|Any CPU
		{80715850-6480-45C2-9354-8E7AE0DC4F8B}.Debug|Any CPU.ActiveCfg = Debug|Any CPU
		{80715850-6480-45C2-9354-8E7AE0DC4F8B}.Debug|Any CPU.Build.0 = Debug|Any CPU
		{80715850-6480-45C2-9354-8E7AE0DC4F8B}.Release|Any CPU.ActiveCfg = Release|Any CPU
		{80715850-6480-45C2-9354-8E7AE0DC4F8B}.Release|Any CPU.Build.0 = Release|Any CPU
		{2D634E2F-3879-4174-A29F-0A7B68ED14D7}.Debug|Any CPU.ActiveCfg = Debug|Any CPU
		{2D634E2F-3879-4174-A29F-0A7B68ED14D7}.Debug|Any CPU.Build.0 = Debug|Any CPU
		{2D634E2F-3879-4174-A29F-0A7B68ED14D7}.Release|Any CPU.ActiveCfg = Release|Any CPU
		{2D634E2F-3879-4174-A29F-0A7B68ED14D7}.Release|Any CPU.Build.0 = Release|Any CPU
		{8E5EBEE5-CA29-4ECB-822B-BB07572561B7}.Debug|Any CPU.ActiveCfg = Debug|Any CPU
		{8E5EBEE5-CA29-4ECB-822B-BB07572561B7}.Debug|Any CPU.Build.0 = Debug|Any CPU
		{8E5EBEE5-CA29-4ECB-822B-BB07572561B7}.Release|Any CPU.ActiveCfg = Release|Any CPU
		{8E5EBEE5-CA29-4ECB-822B-BB07572561B7}.Release|Any CPU.Build.0 = Release|Any CPU
		{61715A05-AFEA-416B-B210-8985A40C58AC}.Debug|Any CPU.ActiveCfg = Debug|Any CPU
		{61715A05-AFEA-416B-B210-8985A40C58AC}.Debug|Any CPU.Build.0 = Debug|Any CPU
		{61715A05-AFEA-416B-B210-8985A40C58AC}.Release|Any CPU.ActiveCfg = Release|Any CPU
		{61715A05-AFEA-416B-B210-8985A40C58AC}.Release|Any CPU.Build.0 = Release|Any CPU
		{A3C58525-D2CB-4BC6-8A5F-7D469AE893C6}.Debug|Any CPU.ActiveCfg = Debug|Any CPU
		{A3C58525-D2CB-4BC6-8A5F-7D469AE893C6}.Debug|Any CPU.Build.0 = Debug|Any CPU
		{A3C58525-D2CB-4BC6-8A5F-7D469AE893C6}.Release|Any CPU.ActiveCfg = Release|Any CPU
		{A3C58525-D2CB-4BC6-8A5F-7D469AE893C6}.Release|Any CPU.Build.0 = Release|Any CPU
	EndGlobalSection
	GlobalSection(SolutionProperties) = preSolution
		HideSolutionNode = FALSE
	EndGlobalSection
	GlobalSection(NestedProjects) = preSolution
		{C2FDCE48-3868-4CBA-8462-50BBE8B986EF} = {8605126A-BCE6-4D2F-AD28-A9D1F16F47BC}
		{B09156D5-F964-4B54-B32C-A76B1C9F0BC1} = {8605126A-BCE6-4D2F-AD28-A9D1F16F47BC}
		{1C9844A9-07B1-4127-9862-65CEB4365F56} = {8605126A-BCE6-4D2F-AD28-A9D1F16F47BC}
		{E853BA4D-EA87-4467-8510-A2F9B9C131F2} = {8605126A-BCE6-4D2F-AD28-A9D1F16F47BC}
		{4B6DE2A9-63A8-4ACD-BA60-9F0CE87D17D0} = {8605126A-BCE6-4D2F-AD28-A9D1F16F47BC}
		{7758B5E3-406D-419B-B7E3-2B63C4503072} = {67BE6576-39C7-4110-9DD7-68F779A9E665}
		{02EAE2F8-CDB7-498E-8BF8-7485A6B8A12D} = {67BE6576-39C7-4110-9DD7-68F779A9E665}
		{CD6A36BA-3929-434E-BEEB-12B8E53518F5} = {67BE6576-39C7-4110-9DD7-68F779A9E665}
		{F21402D5-B185-462D-9B2F-3FDFAF1D62C5} = {67BE6576-39C7-4110-9DD7-68F779A9E665}
		{6FAF3D69-4CC9-4C3C-ACCC-FC6874508531} = {E0CB17BC-92D6-4E04-A482-25958E84E9EB}
		{80715850-6480-45C2-9354-8E7AE0DC4F8B} = {E0CB17BC-92D6-4E04-A482-25958E84E9EB}
		{2D634E2F-3879-4174-A29F-0A7B68ED14D7} = {E0CB17BC-92D6-4E04-A482-25958E84E9EB}
		{8E5EBEE5-CA29-4ECB-822B-BB07572561B7} = {6C68CD26-92B7-46FD-A448-C7E491A8E845}
		{61715A05-AFEA-416B-B210-8985A40C58AC} = {E0CB17BC-92D6-4E04-A482-25958E84E9EB}
		{A3C58525-D2CB-4BC6-8A5F-7D469AE893C6} = {E0CB17BC-92D6-4E04-A482-25958E84E9EB}
	EndGlobalSection
EndGlobal
